
Microsoft Visual Studio Solution File, Format Version 12.00
# Visual Studio Version 16
VisualStudioVersion = 16.0.32228.343
MinimumVisualStudioVersion = 10.0.40219.1
Project("{FAE04EC0-301F-11D3-BF4B-00C04F79EFBC}") = "20220425", "20220425.csproj", "{9FB572DB-B880-486B-94BA-FC9D329FD453}"
EndProject
Global
	GlobalSection(SolutionConfigurationPlatforms) = preSolution
		Debug|Any CPU = Debug|Any CPU
		Release|Any CPU = Release|Any CPU
	EndGlobalSection
	GlobalSection(ProjectConfigurationPlatforms) = postSolution
		{9FB572DB-B880-486B-94BA-FC9D329FD453}.Debug|Any CPU.ActiveCfg = Debug|Any CPU
		{9FB572DB-B880-486B-94BA-FC9D329FD453}.Debug|Any CPU.Build.0 = Debug|Any CPU
		{9FB572DB-B880-486B-94BA-FC9D329FD453}.Release|Any CPU.ActiveCfg = Release|Any CPU
		{9FB572DB-B880-486B-94BA-FC9D329FD453}.Release|Any CPU.Build.0 = Release|Any CPU
	EndGlobalSection
	GlobalSection(SolutionProperties) = preSolution
		HideSolutionNode = FALSE
	EndGlobalSection
	GlobalSection(ExtensibilityGlobals) = postSolution
		SolutionGuid = {3949C650-2F01-4497-8F84-8D88FF394F6E}
	EndGlobalSection
EndGlobal
